
Microsoft Visual Studio Solution File, Format Version 12.00
# Visual Studio 15
VisualStudioVersion = 15.0.28307.489
MinimumVisualStudioVersion = 10.0.40219.1
Project("{FAE04EC0-301F-11D3-BF4B-00C04F79EFBC}") = "ConsoleApp3", "ConsoleApp3\ConsoleApp3.csproj", "{971E8143-0A05-4B59-83C4-7630F0A0F73D}"
EndProject
Global
	GlobalSection(SolutionConfigurationPlatforms) = preSolution
		Debug|Any CPU = Debug|Any CPU
		Release|Any CPU = Release|Any CPU
	EndGlobalSection
	GlobalSection(ProjectConfigurationPlatforms) = postSolution
		{971E8143-0A05-4B59-83C4-7630F0A0F73D}.Debug|Any CPU.ActiveCfg = Debug|Any CPU
		{971E8143-0A05-4B59-83C4-7630F0A0F73D}.Debug|Any CPU.Build.0 = Debug|Any CPU
		{971E8143-0A05-4B59-83C4-7630F0A0F73D}.Release|Any CPU.ActiveCfg = Release|Any CPU
		{971E8143-0A05-4B59-83C4-7630F0A0F73D}.Release|Any CPU.Build.0 = Release|Any CPU
	EndGlobalSection
	GlobalSection(SolutionProperties) = preSolution
		HideSolutionNode = FALSE
	EndGlobalSection
	GlobalSection(ExtensibilityGlobals) = postSolution
		SolutionGuid = {BBCDD0E2-C63F-462A-9647-BD0570E25AF7}
	EndGlobalSection
EndGlobal
